// !$*UTF8*$!
{
	archiveVersion = 1;
	classes = {
	};
	objectVersion = 56;
	objects = {

/* Begin PBXBuildFile section */
		11D317FD2C89C50F0081E080 /* AppDelegate.swift in Sources */ = {isa = PBXBuildFile; fileRef = 11D317FC2C89C50F0081E080 /* AppDelegate.swift */; };
		11D317FF2C89C50F0081E080 /* SceneDelegate.swift in Sources */ = {isa = PBXBuildFile; fileRef = 11D317FE2C89C50F0081E080 /* SceneDelegate.swift */; };
		11D318012C89C50F0081E080 /* ViewController.swift in Sources */ = {isa = PBXBuildFile; fileRef = 11D318002C89C50F0081E080 /* ViewController.swift */; };
		11D318062C89C5100081E080 /* Assets.xcassets in Resources */ = {isa = PBXBuildFile; fileRef = 11D318052C89C5100081E080 /* Assets.xcassets */; };
		11D318092C89C5100081E080 /* Base in Resources */ = {isa = PBXBuildFile; fileRef = 11D318082C89C5100081E080 /* Base */; };
		11D318142C89C7700081E080 /* Tabbar_VC.swift in Sources */ = {isa = PBXBuildFile; fileRef = 11D318132C89C7700081E080 /* Tabbar_VC.swift */; };
		11D318162C89C7800081E080 /* TabbarViewModel.swift in Sources */ = {isa = PBXBuildFile; fileRef = 11D318152C89C7800081E080 /* TabbarViewModel.swift */; };
		11D318182C89C8650081E080 /* Home_VC.swift in Sources */ = {isa = PBXBuildFile; fileRef = 11D318172C89C8650081E080 /* Home_VC.swift */; };
		11D3181A2C89C8720081E080 /* HomeViewModel.swift in Sources */ = {isa = PBXBuildFile; fileRef = 11D318192C89C8720081E080 /* HomeViewModel.swift */; };
		11D3181D2C89C89F0081E080 /* Profile_VC.swift in Sources */ = {isa = PBXBuildFile; fileRef = 11D3181C2C89C89F0081E080 /* Profile_VC.swift */; };
		11D3181F2C89C8A90081E080 /* ProfileViewModel.swift in Sources */ = {isa = PBXBuildFile; fileRef = 11D3181E2C89C8A90081E080 /* ProfileViewModel.swift */; };
		11D318232C89EF360081E080 /* RickyMortyService.swift in Sources */ = {isa = PBXBuildFile; fileRef = 11D318222C89EF360081E080 /* RickyMortyService.swift */; };
		11D318252C89EF4E0081E080 /* RickyMortyModel.swift in Sources */ = {isa = PBXBuildFile; fileRef = 11D318242C89EF4E0081E080 /* RickyMortyModel.swift */; };
		11D318282C89F3010081E080 /* Alamofire in Frameworks */ = {isa = PBXBuildFile; productRef = 11D318272C89F3010081E080 /* Alamofire */; };
		11D3182B2C89F3460081E080 /* Kingfisher in Frameworks */ = {isa = PBXBuildFile; productRef = 11D3182A2C89F3460081E080 /* Kingfisher */; };
		11D318302C8A37710081E080 /* RickMortyTableViewCell.swift in Sources */ = {isa = PBXBuildFile; fileRef = 11D3182F2C8A37710081E080 /* RickMortyTableViewCell.swift */; };
		11D318332C8A62BC0081E080 /* DetailViewController.swift in Sources */ = {isa = PBXBuildFile; fileRef = 11D318322C8A62BC0081E080 /* DetailViewController.swift */; };
/* End PBXBuildFile section */

/* Begin PBXFileReference section */
		11D317F92C89C50F0081E080 /* MVVM-ProgrammaticUI-Example.app */ = {isa = PBXFileReference; explicitFileType = wrapper.application; includeInIndex = 0; path = "MVVM-ProgrammaticUI-Example.app"; sourceTree = BUILT_PRODUCTS_DIR; };
		11D317FC2C89C50F0081E080 /* AppDelegate.swift */ = {isa = PBXFileReference; lastKnownFileType = sourcecode.swift; path = AppDelegate.swift; sourceTree = "<group>"; };
		11D317FE2C89C50F0081E080 /* SceneDelegate.swift */ = {isa = PBXFileReference; lastKnownFileType = sourcecode.swift; path = SceneDelegate.swift; sourceTree = "<group>"; };
		11D318002C89C50F0081E080 /* ViewController.swift */ = {isa = PBXFileReference; lastKnownFileType = sourcecode.swift; path = ViewController.swift; sourceTree = "<group>"; };
		11D318052C89C5100081E080 /* Assets.xcassets */ = {isa = PBXFileReference; lastKnownFileType = folder.assetcatalog; path = Assets.xcassets; sourceTree = "<group>"; };
		11D318082C89C5100081E080 /* Base */ = {isa = PBXFileReference; lastKnownFileType = file.storyboard; name = Base; path = Base.lproj/LaunchScreen.storyboard; sourceTree = "<group>"; };
		11D3180A2C89C5100081E080 /* Info.plist */ = {isa = PBXFileReference; lastKnownFileType = text.plist.xml; path = Info.plist; sourceTree = "<group>"; };
		11D318132C89C7700081E080 /* Tabbar_VC.swift */ = {isa = PBXFileReference; lastKnownFileType = sourcecode.swift; path = Tabbar_VC.swift; sourceTree = "<group>"; };
		11D318152C89C7800081E080 /* TabbarViewModel.swift */ = {isa = PBXFileReference; lastKnownFileType = sourcecode.swift; path = TabbarViewModel.swift; sourceTree = "<group>"; };
		11D318172C89C8650081E080 /* Home_VC.swift */ = {isa = PBXFileReference; lastKnownFileType = sourcecode.swift; path = Home_VC.swift; sourceTree = "<group>"; };
		11D318192C89C8720081E080 /* HomeViewModel.swift */ = {isa = PBXFileReference; lastKnownFileType = sourcecode.swift; path = HomeViewModel.swift; sourceTree = "<group>"; };
		11D3181C2C89C89F0081E080 /* Profile_VC.swift */ = {isa = PBXFileReference; lastKnownFileType = sourcecode.swift; path = Profile_VC.swift; sourceTree = "<group>"; };
		11D3181E2C89C8A90081E080 /* ProfileViewModel.swift */ = {isa = PBXFileReference; lastKnownFileType = sourcecode.swift; path = ProfileViewModel.swift; sourceTree = "<group>"; };
		11D318222C89EF360081E080 /* RickyMortyService.swift */ = {isa = PBXFileReference; lastKnownFileType = sourcecode.swift; path = RickyMortyService.swift; sourceTree = "<group>"; };
		11D318242C89EF4E0081E080 /* RickyMortyModel.swift */ = {isa = PBXFileReference; lastKnownFileType = sourcecode.swift; path = RickyMortyModel.swift; sourceTree = "<group>"; };
		11D3182F2C8A37710081E080 /* RickMortyTableViewCell.swift */ = {isa = PBXFileReference; lastKnownFileType = sourcecode.swift; path = RickMortyTableViewCell.swift; sourceTree = "<group>"; };
		11D318322C8A62BC0081E080 /* DetailViewController.swift */ = {isa = PBXFileReference; lastKnownFileType = sourcecode.swift; path = DetailViewController.swift; sourceTree = "<group>"; };
/* End PBXFileReference section */

/* Begin PBXFrameworksBuildPhase section */
		11D317F62C89C50F0081E080 /* Frameworks */ = {
			isa = PBXFrameworksBuildPhase;
			buildActionMask = 2147483647;
			files = (
				11D3182B2C89F3460081E080 /* Kingfisher in Frameworks */,
				11D318282C89F3010081E080 /* Alamofire in Frameworks */,
			);
			runOnlyForDeploymentPostprocessing = 0;
		};
/* End PBXFrameworksBuildPhase section */

/* Begin PBXGroup section */
		11D317F02C89C50F0081E080 = {
			isa = PBXGroup;
			children = (
				11D317FB2C89C50F0081E080 /* MVVM-ProgrammaticUI-Example */,
				11D317FA2C89C50F0081E080 /* Products */,
			);
			sourceTree = "<group>";
		};
		11D317FA2C89C50F0081E080 /* Products */ = {
			isa = PBXGroup;
			children = (
				11D317F92C89C50F0081E080 /* MVVM-ProgrammaticUI-Example.app */,
			);
			name = Products;
			sourceTree = "<group>";
		};
		11D317FB2C89C50F0081E080 /* MVVM-ProgrammaticUI-Example */ = {
			isa = PBXGroup;
			children = (
				11D318212C89EBB70081E080 /* Service */,
				11D318202C89EBAD0081E080 /* Model */,
				11D318102C89C7170081E080 /* Scene */,
				11D317FC2C89C50F0081E080 /* AppDelegate.swift */,
				11D317FE2C89C50F0081E080 /* SceneDelegate.swift */,
				11D318002C89C50F0081E080 /* ViewController.swift */,
				11D318052C89C5100081E080 /* Assets.xcassets */,
				11D318072C89C5100081E080 /* LaunchScreen.storyboard */,
				11D3180A2C89C5100081E080 /* Info.plist */,
			);
			path = "MVVM-ProgrammaticUI-Example";
			sourceTree = "<group>";
		};
		11D318102C89C7170081E080 /* Scene */ = {
			isa = PBXGroup;
			children = (
				11D318312C8A629A0081E080 /* Detail */,
				11D3182C2C8A37220081E080 /* Cell */,
				11D3181B2C89C8870081E080 /* Profile */,
				11D318122C89C7270081E080 /* Home */,
				11D318112C89C71F0081E080 /* Tabbar */,
			);
			path = Scene;
			sourceTree = "<group>";
		};
		11D318112C89C71F0081E080 /* Tabbar */ = {
			isa = PBXGroup;
			children = (
				11D318132C89C7700081E080 /* Tabbar_VC.swift */,
				11D318152C89C7800081E080 /* TabbarViewModel.swift */,
			);
			path = Tabbar;
			sourceTree = "<group>";
		};
		11D318122C89C7270081E080 /* Home */ = {
			isa = PBXGroup;
			children = (
				11D318172C89C8650081E080 /* Home_VC.swift */,
				11D318192C89C8720081E080 /* HomeViewModel.swift */,
			);
			path = Home;
			sourceTree = "<group>";
		};
		11D3181B2C89C8870081E080 /* Profile */ = {
			isa = PBXGroup;
			children = (
				11D3181C2C89C89F0081E080 /* Profile_VC.swift */,
				11D3181E2C89C8A90081E080 /* ProfileViewModel.swift */,
			);
			path = Profile;
			sourceTree = "<group>";
		};
		11D318202C89EBAD0081E080 /* Model */ = {
			isa = PBXGroup;
			children = (
				11D318242C89EF4E0081E080 /* RickyMortyModel.swift */,
			);
			path = Model;
			sourceTree = "<group>";
		};
		11D318212C89EBB70081E080 /* Service */ = {
			isa = PBXGroup;
			children = (
				11D318222C89EF360081E080 /* RickyMortyService.swift */,
			);
			path = Service;
			sourceTree = "<group>";
		};
		11D3182C2C8A37220081E080 /* Cell */ = {
			isa = PBXGroup;
			children = (
				11D3182F2C8A37710081E080 /* RickMortyTableViewCell.swift */,
			);
			path = Cell;
			sourceTree = "<group>";
		};
		11D318312C8A629A0081E080 /* Detail */ = {
			isa = PBXGroup;
			children = (
				11D318322C8A62BC0081E080 /* DetailViewController.swift */,
			);
			path = Detail;
			sourceTree = "<group>";
		};
/* End PBXGroup section */

/* Begin PBXNativeTarget section */
		11D317F82C89C50F0081E080 /* MVVM-ProgrammaticUI-Example */ = {
			isa = PBXNativeTarget;
			buildConfigurationList = 11D3180D2C89C5100081E080 /* Build configuration list for PBXNativeTarget "MVVM-ProgrammaticUI-Example" */;
			buildPhases = (
				11D317F52C89C50F0081E080 /* Sources */,
				11D317F62C89C50F0081E080 /* Frameworks */,
				11D317F72C89C50F0081E080 /* Resources */,
			);
			buildRules = (
			);
			dependencies = (
			);
			name = "MVVM-ProgrammaticUI-Example";
			packageProductDependencies = (
				11D318272C89F3010081E080 /* Alamofire */,
				11D3182A2C89F3460081E080 /* Kingfisher */,
			);
			productName = "MVVM-ProgrammaticUI-Example";
			productReference = 11D317F92C89C50F0081E080 /* MVVM-ProgrammaticUI-Example.app */;
			productType = "com.apple.product-type.application";
		};
/* End PBXNativeTarget section */

/* Begin PBXProject section */
		11D317F12C89C50F0081E080 /* Project object */ = {
			isa = PBXProject;
			attributes = {
				BuildIndependentTargetsInParallel = 1;
				LastSwiftUpdateCheck = 1540;
				LastUpgradeCheck = 1540;
				TargetAttributes = {
					11D317F82C89C50F0081E080 = {
						CreatedOnToolsVersion = 15.4;
					};
				};
			};
			buildConfigurationList = 11D317F42C89C50F0081E080 /* Build configuration list for PBXProject "MVVM-ProgrammaticUI-Example" */;
			compatibilityVersion = "Xcode 14.0";
			developmentRegion = en;
			hasScannedForEncodings = 0;
			knownRegions = (
				en,
				Base,
			);
			mainGroup = 11D317F02C89C50F0081E080;
			packageReferences = (
				11D318262C89F3010081E080 /* XCRemoteSwiftPackageReference "Alamofire" */,
				11D318292C89F3460081E080 /* XCRemoteSwiftPackageReference "Kingfisher" */,
			);
			productRefGroup = 11D317FA2C89C50F0081E080 /* Products */;
			projectDirPath = "";
			projectRoot = "";
			targets = (
				11D317F82C89C50F0081E080 /* MVVM-ProgrammaticUI-Example */,
			);
		};
/* End PBXProject section */

/* Begin PBXResourcesBuildPhase section */
		11D317F72C89C50F0081E080 /* Resources */ = {
			isa = PBXResourcesBuildPhase;
			buildActionMask = 2147483647;
			files = (
				11D318062C89C5100081E080 /* Assets.xcassets in Resources */,
				11D318092C89C5100081E080 /* Base in Resources */,
			);
			runOnlyForDeploymentPostprocessing = 0;
		};
/* End PBXResourcesBuildPhase section */

/* Begin PBXSourcesBuildPhase section */
		11D317F52C89C50F0081E080 /* Sources */ = {
			isa = PBXSourcesBuildPhase;
			buildActionMask = 2147483647;
			files = (
				11D318332C8A62BC0081E080 /* DetailViewController.swift in Sources */,
				11D318012C89C50F0081E080 /* ViewController.swift in Sources */,
				11D318182C89C8650081E080 /* Home_VC.swift in Sources */,
				11D3181A2C89C8720081E080 /* HomeViewModel.swift in Sources */,
				11D3181F2C89C8A90081E080 /* ProfileViewModel.swift in Sources */,
				11D317FD2C89C50F0081E080 /* AppDelegate.swift in Sources */,
				11D3181D2C89C89F0081E080 /* Profile_VC.swift in Sources */,
				11D318302C8A37710081E080 /* RickMortyTableViewCell.swift in Sources */,
				11D318162C89C7800081E080 /* TabbarViewModel.swift in Sources */,
				11D318252C89EF4E0081E080 /* RickyMortyModel.swift in Sources */,
				11D318142C89C7700081E080 /* Tabbar_VC.swift in Sources */,
				11D318232C89EF360081E080 /* RickyMortyService.swift in Sources */,
				11D317FF2C89C50F0081E080 /* SceneDelegate.swift in Sources */,
			);
			runOnlyForDeploymentPostprocessing = 0;
		};
/* End PBXSourcesBuildPhase section */

/* Begin PBXVariantGroup section */
		11D318072C89C5100081E080 /* LaunchScreen.storyboard */ = {
			isa = PBXVariantGroup;
			children = (
				11D318082C89C5100081E080 /* Base */,
			);
			name = LaunchScreen.storyboard;
			sourceTree = "<group>";
		};
/* End PBXVariantGroup section */

/* Begin XCBuildConfiguration section */
		11D3180B2C89C5100081E080 /* Debug */ = {
			isa = XCBuildConfiguration;
			buildSettings = {
				ALWAYS_SEARCH_USER_PATHS = NO;
				ASSETCATALOG_COMPILER_GENERATE_SWIFT_ASSET_SYMBOL_EXTENSIONS = YES;
				CLANG_ANALYZER_NONNULL = YES;
				CLANG_ANALYZER_NUMBER_OBJECT_CONVERSION = YES_AGGRESSIVE;
				CLANG_CXX_LANGUAGE_STANDARD = "gnu++20";
				CLANG_ENABLE_MODULES = YES;
				CLANG_ENABLE_OBJC_ARC = YES;
				CLANG_ENABLE_OBJC_WEAK = YES;
				CLANG_WARN_BLOCK_CAPTURE_AUTORELEASING = YES;
				CLANG_WARN_BOOL_CONVERSION = YES;
				CLANG_WARN_COMMA = YES;
				CLANG_WARN_CONSTANT_CONVERSION = YES;
				CLANG_WARN_DEPRECATED_OBJC_IMPLEMENTATIONS = YES;
				CLANG_WARN_DIRECT_OBJC_ISA_USAGE = YES_ERROR;
				CLANG_WARN_DOCUMENTATION_COMMENTS = YES;
				CLANG_WARN_EMPTY_BODY = YES;
				CLANG_WARN_ENUM_CONVERSION = YES;
				CLANG_WARN_INFINITE_RECURSION = YES;
				CLANG_WARN_INT_CONVERSION = YES;
				CLANG_WARN_NON_LITERAL_NULL_CONVERSION = YES;
				CLANG_WARN_OBJC_IMPLICIT_RETAIN_SELF = YES;
				CLANG_WARN_OBJC_LITERAL_CONVERSION = YES;
				CLANG_WARN_OBJC_ROOT_CLASS = YES_ERROR;
				CLANG_WARN_QUOTED_INCLUDE_IN_FRAMEWORK_HEADER = YES;
				CLANG_WARN_RANGE_LOOP_ANALYSIS = YES;
				CLANG_WARN_STRICT_PROTOTYPES = YES;
				CLANG_WARN_SUSPICIOUS_MOVE = YES;
				CLANG_WARN_UNGUARDED_AVAILABILITY = YES_AGGRESSIVE;
				CLANG_WARN_UNREACHABLE_CODE = YES;
				CLANG_WARN__DUPLICATE_METHOD_MATCH = YES;
				COPY_PHASE_STRIP = NO;
				DEBUG_INFORMATION_FORMAT = dwarf;
				ENABLE_STRICT_OBJC_MSGSEND = YES;
				ENABLE_TESTABILITY = YES;
				ENABLE_USER_SCRIPT_SANDBOXING = YES;
				GCC_C_LANGUAGE_STANDARD = gnu17;
				GCC_DYNAMIC_NO_PIC = NO;
				GCC_NO_COMMON_BLOCKS = YES;
				GCC_OPTIMIZATION_LEVEL = 0;
				GCC_PREPROCESSOR_DEFINITIONS = (
					"DEBUG=1",
					"$(inherited)",
				);
				GCC_WARN_64_TO_32_BIT_CONVERSION = YES;
				GCC_WARN_ABOUT_RETURN_TYPE = YES_ERROR;
				GCC_WARN_UNDECLARED_SELECTOR = YES;
				GCC_WARN_UNINITIALIZED_AUTOS = YES_AGGRESSIVE;
				GCC_WARN_UNUSED_FUNCTION = YES;
				GCC_WARN_UNUSED_VARIABLE = YES;
				IPHONEOS_DEPLOYMENT_TARGET = 17.0;
				LOCALIZATION_PREFERS_STRING_CATALOGS = YES;
				MTL_ENABLE_DEBUG_INFO = INCLUDE_SOURCE;
				MTL_FAST_MATH = YES;
				ONLY_ACTIVE_ARCH = YES;
				SDKROOT = iphoneos;
				SWIFT_ACTIVE_COMPILATION_CONDITIONS = "DEBUG $(inherited)";
				SWIFT_OPTIMIZATION_LEVEL = "-Onone";
			};
			name = Debug;
		};
		11D3180C2C89C5100081E080 /* Release */ = {
			isa = XCBuildConfiguration;
			buildSettings = {
				ALWAYS_SEARCH_USER_PATHS = NO;
				ASSETCATALOG_COMPILER_GENERATE_SWIFT_ASSET_SYMBOL_EXTENSIONS = YES;
				CLANG_ANALYZER_NONNULL = YES;
				CLANG_ANALYZER_NUMBER_OBJECT_CONVERSION = YES_AGGRESSIVE;
				CLANG_CXX_LANGUAGE_STANDARD = "gnu++20";
				CLANG_ENABLE_MODULES = YES;
				CLANG_ENABLE_OBJC_ARC = YES;
				CLANG_ENABLE_OBJC_WEAK = YES;
				CLANG_WARN_BLOCK_CAPTURE_AUTORELEASING = YES;
				CLANG_WARN_BOOL_CONVERSION = YES;
				CLANG_WARN_COMMA = YES;
				CLANG_WARN_CONSTANT_CONVERSION = YES;
				CLANG_WARN_DEPRECATED_OBJC_IMPLEMENTATIONS = YES;
				CLANG_WARN_DIRECT_OBJC_ISA_USAGE = YES_ERROR;
				CLANG_WARN_DOCUMENTATION_COMMENTS = YES;
				CLANG_WARN_EMPTY_BODY = YES;
				CLANG_WARN_ENUM_CONVERSION = YES;
				CLANG_WARN_INFINITE_RECURSION = YES;
				CLANG_WARN_INT_CONVERSION = YES;
				CLANG_WARN_NON_LITERAL_NULL_CONVERSION = YES;
				CLANG_WARN_OBJC_IMPLICIT_RETAIN_SELF = YES;
				CLANG_WARN_OBJC_LITERAL_CONVERSION = YES;
				CLANG_WARN_OBJC_ROOT_CLASS = YES_ERROR;
				CLANG_WARN_QUOTED_INCLUDE_IN_FRAMEWORK_HEADER = YES;
				CLANG_WARN_RANGE_LOOP_ANALYSIS = YES;
				CLANG_WARN_STRICT_PROTOTYPES = YES;
				CLANG_WARN_SUSPICIOUS_MOVE = YES;
				CLANG_WARN_UNGUARDED_AVAILABILITY = YES_AGGRESSIVE;
				CLANG_WARN_UNREACHABLE_CODE = YES;
				CLANG_WARN__DUPLICATE_METHOD_MATCH = YES;
				COPY_PHASE_STRIP = NO;
				DEBUG_INFORMATION_FORMAT = "dwarf-with-dsym";
				ENABLE_NS_ASSERTIONS = NO;
				ENABLE_STRICT_OBJC_MSGSEND = YES;
				ENABLE_USER_SCRIPT_SANDBOXING = YES;
				GCC_C_LANGUAGE_STANDARD = gnu17;
				GCC_NO_COMMON_BLOCKS = YES;
				GCC_WARN_64_TO_32_BIT_CONVERSION = YES;
				GCC_WARN_ABOUT_RETURN_TYPE = YES_ERROR;
				GCC_WARN_UNDECLARED_SELECTOR = YES;
				GCC_WARN_UNINITIALIZED_AUTOS = YES_AGGRESSIVE;
				GCC_WARN_UNUSED_FUNCTION = YES;
				GCC_WARN_UNUSED_VARIABLE = YES;
				IPHONEOS_DEPLOYMENT_TARGET = 17.0;
				LOCALIZATION_PREFERS_STRING_CATALOGS = YES;
				MTL_ENABLE_DEBUG_INFO = NO;
				MTL_FAST_MATH = YES;
				SDKROOT = iphoneos;
				SWIFT_COMPILATION_MODE = wholemodule;
				VALIDATE_PRODUCT = YES;
			};
			name = Release;
		};
		11D3180E2C89C5100081E080 /* Debug */ = {
			isa = XCBuildConfiguration;
			buildSettings = {
				ASSETCATALOG_COMPILER_APPICON_NAME = AppIcon;
				ASSETCATALOG_COMPILER_GLOBAL_ACCENT_COLOR_NAME = AccentColor;
				CODE_SIGN_STYLE = Automatic;
				CURRENT_PROJECT_VERSION = 1;
				DEVELOPMENT_TEAM = NVGTF49M8Q;
				GENERATE_INFOPLIST_FILE = YES;
				INFOPLIST_FILE = "MVVM-ProgrammaticUI-Example/Info.plist";
				INFOPLIST_KEY_UIApplicationSupportsIndirectInputEvents = YES;
				INFOPLIST_KEY_UILaunchStoryboardName = LaunchScreen;
				INFOPLIST_KEY_UISupportedInterfaceOrientations_iPad = "UIInterfaceOrientationPortrait UIInterfaceOrientationPortraitUpsideDown UIInterfaceOrientationLandscapeLeft UIInterfaceOrientationLandscapeRight";
				INFOPLIST_KEY_UISupportedInterfaceOrientations_iPhone = "UIInterfaceOrientationPortrait UIInterfaceOrientationLandscapeLeft UIInterfaceOrientationLandscapeRight";
				IPHONEOS_DEPLOYMENT_TARGET = 17.0;
				LD_RUNPATH_SEARCH_PATHS = (
					"$(inherited)",
					"@executable_path/Frameworks",
				);
				MARKETING_VERSION = 1.0;
				PRODUCT_BUNDLE_IDENTIFIER = "com.sametkorkmaz.MVVM-ProgrammaticUI-Example";
				PRODUCT_NAME = "$(TARGET_NAME)";
				SWIFT_EMIT_LOC_STRINGS = YES;
				SWIFT_VERSION = 5.0;
				TARGETED_DEVICE_FAMILY = "1,2";
			};
			name = Debug;
		};
		11D3180F2C89C5100081E080 /* Release */ = {
			isa = XCBuildConfiguration;
			buildSettings = {
				ASSETCATALOG_COMPILER_APPICON_NAME = AppIcon;
				ASSETCATALOG_COMPILER_GLOBAL_ACCENT_COLOR_NAME = AccentColor;
				CODE_SIGN_STYLE = Automatic;
				CURRENT_PROJECT_VERSION = 1;
				DEVELOPMENT_TEAM = NVGTF49M8Q;
				GENERATE_INFOPLIST_FILE = YES;
				INFOPLIST_FILE = "MVVM-ProgrammaticUI-Example/Info.plist";
				INFOPLIST_KEY_UIApplicationSupportsIndirectInputEvents = YES;
				INFOPLIST_KEY_UILaunchStoryboardName = LaunchScreen;
				INFOPLIST_KEY_UISupportedInterfaceOrientations_iPad = "UIInterfaceOrientationPortrait UIInterfaceOrientationPortraitUpsideDown UIInterfaceOrientationLandscapeLeft UIInterfaceOrientationLandscapeRight";
				INFOPLIST_KEY_UISupportedInterfaceOrientations_iPhone = "UIInterfaceOrientationPortrait UIInterfaceOrientationLandscapeLeft UIInterfaceOrientationLandscapeRight";
				IPHONEOS_DEPLOYMENT_TARGET = 17.0;
				LD_RUNPATH_SEARCH_PATHS = (
					"$(inherited)",
					"@executable_path/Frameworks",
				);
				MARKETING_VERSION = 1.0;
				PRODUCT_BUNDLE_IDENTIFIER = "com.sametkorkmaz.MVVM-ProgrammaticUI-Example";
				PRODUCT_NAME = "$(TARGET_NAME)";
				SWIFT_EMIT_LOC_STRINGS = YES;
				SWIFT_VERSION = 5.0;
				TARGETED_DEVICE_FAMILY = "1,2";
			};
			name = Release;
		};
/* End XCBuildConfiguration section */

/* Begin XCConfigurationList section */
		11D317F42C89C50F0081E080 /* Build configuration list for PBXProject "MVVM-ProgrammaticUI-Example" */ = {
			isa = XCConfigurationList;
			buildConfigurations = (
				11D3180B2C89C5100081E080 /* Debug */,
				11D3180C2C89C5100081E080 /* Release */,
			);
			defaultConfigurationIsVisible = 0;
			defaultConfigurationName = Release;
		};
		11D3180D2C89C5100081E080 /* Build configuration list for PBXNativeTarget "MVVM-ProgrammaticUI-Example" */ = {
			isa = XCConfigurationList;
			buildConfigurations = (
				11D3180E2C89C5100081E080 /* Debug */,
				11D3180F2C89C5100081E080 /* Release */,
			);
			defaultConfigurationIsVisible = 0;
			defaultConfigurationName = Release;
		};
/* End XCConfigurationList section */

/* Begin XCRemoteSwiftPackageReference section */
		11D318262C89F3010081E080 /* XCRemoteSwiftPackageReference "Alamofire" */ = {
			isa = XCRemoteSwiftPackageReference;
			repositoryURL = "https://github.com/Alamofire/Alamofire.git";
			requirement = {
				kind = upToNextMajorVersion;
				minimumVersion = 5.9.1;
			};
		};
		11D318292C89F3460081E080 /* XCRemoteSwiftPackageReference "Kingfisher" */ = {
			isa = XCRemoteSwiftPackageReference;
			repositoryURL = "https://github.com/onevcat/Kingfisher.git";
			requirement = {
				kind = upToNextMajorVersion;
				minimumVersion = 7.12.0;
			};
		};
/* End XCRemoteSwiftPackageReference section */

/* Begin XCSwiftPackageProductDependency section */
		11D318272C89F3010081E080 /* Alamofire */ = {
			isa = XCSwiftPackageProductDependency;
			package = 11D318262C89F3010081E080 /* XCRemoteSwiftPackageReference "Alamofire" */;
			productName = Alamofire;
		};
		11D3182A2C89F3460081E080 /* Kingfisher */ = {
			isa = XCSwiftPackageProductDependency;
			package = 11D318292C89F3460081E080 /* XCRemoteSwiftPackageReference "Kingfisher" */;
			productName = Kingfisher;
		};
/* End XCSwiftPackageProductDependency section */
	};
	rootObject = 11D317F12C89C50F0081E080 /* Project object */;
}
